
Microsoft Visual Studio Solution File, Format Version 12.00
# Visual Studio Version 17
VisualStudioVersion = 17.3.32901.215
MinimumVisualStudioVersion = 10.0.40219.1
Project("{FAE04EC0-301F-11D3-BF4B-00C04F79EFBC}") = "FuncLab1", "FuncLab1\FuncLab1.csproj", "{E2EB1227-5AA2-487F-A479-008E8B429741}"
EndProject
Global
	GlobalSection(SolutionConfigurationPlatforms) = preSolution
		Debug|Any CPU = Debug|Any CPU
		Release|Any CPU = Release|Any CPU
	EndGlobalSection
	GlobalSection(ProjectConfigurationPlatforms) = postSolution
		{E2EB1227-5AA2-487F-A479-008E8B429741}.Debug|Any CPU.ActiveCfg = Debug|Any CPU
		{E2EB1227-5AA2-487F-A479-008E8B429741}.Debug|Any CPU.Build.0 = Debug|Any CPU
		{E2EB1227-5AA2-487F-A479-008E8B429741}.Release|Any CPU.ActiveCfg = Release|Any CPU
		{E2EB1227-5AA2-487F-A479-008E8B429741}.Release|Any CPU.Build.0 = Release|Any CPU
	EndGlobalSection
	GlobalSection(SolutionProperties) = preSolution
		HideSolutionNode = FALSE
	EndGlobalSection
	GlobalSection(ExtensibilityGlobals) = postSolution
		SolutionGuid = {5F2F2961-5DCA-4847-8407-3B642D6DD063}
	EndGlobalSection
EndGlobal
